{
    "_meta": {
        "hash": {
            "sha256": "416846531737942cf9c97cd8f3a9e934ea8a3a464afb8b67244c5c6ba49e5706"
        },
        "pipfile-spec": 6,
        "requires": {},
        "sources": [
            {
                "name": "pypi",
                "url": "https://pypi.tuna.tsinghua.edu.cn/simple",
                "verify_ssl": true
            }
        ]
    },
    "default": {
        "click": {
            "hashes": [
                "sha256:7682dc8afb30297001674575ea00d1814d808d6a36af415a82bd481d37ba7b8e",
                "sha256:bb4d8133cb15a609f44e8213d9b391b0809795062913b383c62be0ee95b1db48"
            ],
            "markers": "python_version >= '3.7'",
            "version": "==8.1.3"
        },
        "colorama": {
            "hashes": [
                "sha256:5941b2b48a20143d2267e95b1c2a7603ce057ee39fd88e7329b0c292aa16869b",
                "sha256:9f47eda37229f68eee03b24b9748937c7dc3868f906e8ba69fbcbdd3bc5dc3e2"
            ],
            "markers": "platform_system == 'Windows'",
            "version": "==0.4.4"
        },
        "flask": {
            "hashes": [
                "sha256:315ded2ddf8a6281567edb27393010fe3406188bafbfe65a3339d5787d89e477",
                "sha256:fad5b446feb0d6db6aec0c3184d16a8c1f6c3e464b511649c8918a9be100b4fe"
            ],
            "index": "pypi",
            "version": "==2.1.2"
        },
        "importlib-metadata": {
            "hashes": [
                "sha256:1208431ca90a8cca1a6b8af391bb53c1a2db74e5d1cef6ddced95d4b2062edc6",
                "sha256:ea4c597ebf37142f827b8f39299579e31685c31d3a438b59f469406afd0f2539"
            ],
            "markers": "python_version < '3.10'",
            "version": "==4.11.3"
        },
        "itsdangerous": {
            "hashes": [
                "sha256:2c2349112351b88699d8d4b6b075022c0808887cb7ad10069318a8b0bc88db44",
                "sha256:5dbbc68b317e5e42f327f9021763545dc3fc3bfe22e6deb96aaf1fc38874156a"
            ],
            "markers": "python_version >= '3.7'",
            "version": "==2.1.2"
        },
        "jinja2": {
            "hashes": [
                "sha256:31351a702a408a9e7595a8fc6150fc3f43bb6bf7e319770cbc0db9df9437e852",
                "sha256:6088930bfe239f0e6710546ab9c19c9ef35e29792895fed6e6e31a023a182a61"
            ],
            "markers": "python_version >= '3.7'",
            "version": "==3.1.2"
        },
        "markupsafe": {
            "hashes": [
                "sha256:0212a68688482dc52b2d45013df70d169f542b7394fc744c02a57374a4207003",
                "sha256:089cf3dbf0cd6c100f02945abeb18484bd1ee57a079aefd52cffd17fba910b88",
                "sha256:10c1bfff05d95783da83491be968e8fe789263689c02724e0c691933c52994f5",
                "sha256:33b74d289bd2f5e527beadcaa3f401e0df0a89927c1559c8566c066fa4248ab7",
                "sha256:3799351e2336dc91ea70b034983ee71cf2f9533cdff7c14c90ea126bfd95d65a",
                "sha256:3ce11ee3f23f79dbd06fb3d63e2f6af7b12db1d46932fe7bd8afa259a5996603",
                "sha256:421be9fbf0ffe9ffd7a378aafebbf6f4602d564d34be190fc19a193232fd12b1",
                "sha256:43093fb83d8343aac0b1baa75516da6092f58f41200907ef92448ecab8825135",
                "sha256:46d00d6cfecdde84d40e572d63735ef81423ad31184100411e6e3388d405e247",
                "sha256:4a33dea2b688b3190ee12bd7cfa29d39c9ed176bda40bfa11099a3ce5d3a7ac6",
                "sha256:4b9fe39a2ccc108a4accc2676e77da025ce383c108593d65cc909add5c3bd601",
                "sha256:56442863ed2b06d19c37f94d999035e15ee982988920e12a5b4ba29b62ad1f77",
                "sha256:671cd1187ed5e62818414afe79ed29da836dde67166a9fac6d435873c44fdd02",
                "sha256:694deca8d702d5db21ec83983ce0bb4b26a578e71fbdbd4fdcd387daa90e4d5e",
                "sha256:6a074d34ee7a5ce3effbc526b7083ec9731bb3cbf921bbe1d3005d4d2bdb3a63",
                "sha256:6d0072fea50feec76a4c418096652f2c3238eaa014b2f94aeb1d56a66b41403f",
                "sha256:6fbf47b5d3728c6aea2abb0589b5d30459e369baa772e0f37a0320185e87c980",
                "sha256:7f91197cc9e48f989d12e4e6fbc46495c446636dfc81b9ccf50bb0ec74b91d4b",
                "sha256:86b1f75c4e7c2ac2ccdaec2b9022845dbb81880ca318bb7a0a01fbf7813e3812",
                "sha256:8dc1c72a69aa7e082593c4a203dcf94ddb74bb5c8a731e4e1eb68d031e8498ff",
                "sha256:8e3dcf21f367459434c18e71b2a9532d96547aef8a871872a5bd69a715c15f96",
                "sha256:8e576a51ad59e4bfaac456023a78f6b5e6e7651dcd383bcc3e18d06f9b55d6d1",
                "sha256:96e37a3dc86e80bf81758c152fe66dbf60ed5eca3d26305edf01892257049925",
                "sha256:97a68e6ada378df82bc9f16b800ab77cbf4b2fada0081794318520138c088e4a",
                "sha256:99a2a507ed3ac881b975a2976d59f38c19386d128e7a9a18b7df6fff1fd4c1d6",
                "sha256:a49907dd8420c5685cfa064a1335b6754b74541bbb3706c259c02ed65b644b3e",
                "sha256:b09bf97215625a311f669476f44b8b318b075847b49316d3e28c08e41a7a573f",
                "sha256:b7bd98b796e2b6553da7225aeb61f447f80a1ca64f41d83612e6139ca5213aa4",
                "sha256:b87db4360013327109564f0e591bd2a3b318547bcef31b468a92ee504d07ae4f",
                "sha256:bcb3ed405ed3222f9904899563d6fc492ff75cce56cba05e32eff40e6acbeaa3",
                "sha256:d4306c36ca495956b6d568d276ac11fdd9c30a36f1b6eb928070dc5360b22e1c",
                "sha256:d5ee4f386140395a2c818d149221149c54849dfcfcb9f1debfe07a8b8bd63f9a",
                "sha256:dda30ba7e87fbbb7eab1ec9f58678558fd9a6b8b853530e176eabd064da81417",
                "sha256:e04e26803c9c3851c931eac40c695602c6295b8d432cbe78609649ad9bd2da8a",
                "sha256:e1c0b87e09fa55a220f058d1d49d3fb8df88fbfab58558f1198e08c1e1de842a",
                "sha256:e72591e9ecd94d7feb70c1cbd7be7b3ebea3f548870aa91e2732960fa4d57a37",
                "sha256:e8c843bbcda3a2f1e3c2ab25913c80a3c5376cd00c6e8c4a86a89a28c8dc5452",
                "sha256:efc1913fd2ca4f334418481c7e595c00aad186563bbc1ec76067848c7ca0a933",
                "sha256:f121a1420d4e173a5d96e47e9a0c0dcff965afdf1626d28de1460815f7c4ee7a",
                "sha256:fc7b548b17d238737688817ab67deebb30e8073c95749d55538ed473130ec0c7"
            ],
            "markers": "python_version >= '3.7'",
            "version": "==2.1.1"
        },
        "typing-extensions": {
            "hashes": [
                "sha256:6657594ee297170d19f67d55c05852a874e7eb634f4f753dbd667855e07c1708",
                "sha256:f1c24655a0da0d1b67f07e17a5e6b2a105894e6824b92096378bb3668ef02376"
            ],
            "markers": "python_version < '3.8'",
            "version": "==4.2.0"
        },
        "werkzeug": {
            "hashes": [
                "sha256:1ce08e8093ed67d638d63879fd1ba3735817f7a80de3674d293f5984f25fb6e6",
                "sha256:72a4b735692dd3135217911cbeaa1be5fa3f62bffb8745c5215420a03dc55255"
            ],
            "markers": "python_version >= '3.7'",
            "version": "==2.1.2"
        },
        "zipp": {
            "hashes": [
                "sha256:56bf8aadb83c24db6c4b577e13de374ccfb67da2078beba1d037c17980bf43ad",
                "sha256:c4f6e5bbf48e74f7a38e7cc5b0480ff42b0ae5178957d564d18932525d5cf099"
            ],
            "markers": "python_version >= '3.7'",
            "version": "==3.8.0"
        },
        "zstd": {
            "hashes": [
                "sha256:0440339145a624703af10aee2329c357d5ea1040305b60852edefeade4f572d7",
                "sha256:04ec06e4949eddf7240f0d30bca2b4c14732f8b4c74e876f298b401dc26c5f35",
                "sha256:0b7cc9341028bf921ab51bc1e2ea2603162d921f1573828092ffbb0d7824c473",
                "sha256:0fde23ead8df6ca5317f61cc999c9afbba202922504cf7094dab023803bf1ede",
                "sha256:1232a874ff35afb1914b7aac39437dd0cfa174336c5b00b749ac1bc076036e55",
                "sha256:174fcd01ffe0368b50b214dc0400791e8585e4c5cc8afdbf9ea5625a2751871d",
                "sha256:185141ed40980f901487d76d9096d9dca335a0b0d79ca00437f3343deb81687f",
                "sha256:19a46f6c6a628df9c0e0b5880d137207c58198484e2d9263bad1df6ed88be62e",
                "sha256:19f06d8d200bcc28fc266ef4053cb77a1dd662dbd94ae9bcd1a357d189542a21",
                "sha256:1aa45b90aef21b5f5b76317be026c992805037f2b81273865739ba7add6627e8",
                "sha256:1d58cbb316a8ef81a99301898e97fb62759db02e9972fba071326312db0bad63",
                "sha256:2735d3a22dce8b6cf7d9df24a7af476fc5378b86fd252e6e5f741ec8f6334ebe",
                "sha256:299d260c21c5d3ec22d8b46b57ad62613d97d8caf82418f55a042d24fadd03aa",
                "sha256:307a230d92c6add7754bfe74a617cf0a7ae748b92c2cd73d3c624b16a175b159",
                "sha256:3091a834532adf4a847a317de9a35b241996b65d1d5c5160e3dbb3f6ab3041ab",
                "sha256:38e218dd8d6ef1b0a3ae138dd04ed6b0ba947a2b9f28099e0327a2ed5d3bb5dc",
                "sha256:3b606f1ee53ba3ff71341eb4eddc7904956fa2a5b5566fea57ab1f691cc44eb0",
                "sha256:3bc8e1d41813b8df2d86dbb77fdf45563858014fbfcac79a30550d474a9c339a",
                "sha256:3c429b166a3b324b0983bff53ae0928b9764c693a017f62ffb6b20e6135e338f",
                "sha256:3caf35282177731ba7d2813d9abae7d2a2b02dd0b0db07051c4cd1b1847c9a74",
                "sha256:40027b3a910ba850c5f12b3267d393a445e587b49f145cbad529d7bf3476a5d9",
                "sha256:40433361f19e349ef595177eeefd8b9f6119b5e581e46cc5069457110dd2b604",
                "sha256:49c0dc1c00152fe7c95ccb4e278e8cf5b01f8c2f69da7b64db29505e581ade52",
                "sha256:4af294b5a0c636841dbc64a5947109e676a44032db8cc0015530252cea2302b0",
                "sha256:4bdcac9bf961ff0914745cbef73f9db5a57781771cf6ac82da672415f0ae9fdd",
                "sha256:4d5b9397bb63c4eb2a950b1b53a25842975fbe68435bd0b58733ade85fbf0ed8",
                "sha256:4e236ca99fbdf3d4431df6aed924e67611cc09dd1b442eb7251c77a127ab3521",
                "sha256:5600b3ef8cf494e5dfa01e159c6e4e0af37a1d396974a9fedd811721b4a9cac3",
                "sha256:56249f0fbf8f3b527780cc185536e67fc452a27c4974a5ad15e93a97993f0416",
                "sha256:565cbb491544b72e40c7996e752d9c415b3382d112e289d87205ba8cbe6073c7",
                "sha256:5668dd83e9f4a48254922491f4b414d066677d6e83049f4e1b5900d6e97c10e3",
                "sha256:5b1d5fb99eded553f5603c34bbc806aa43ed5ed0fc7b15643a2e27cee7033afe",
                "sha256:619a8b113534f84426212a808b686004f72e4e3253e528ca53bdb4e9d9d7edea",
                "sha256:61a53d68f1dde379de8fafc729f4908a68fd3942df6a62ce83cd1666af2f23a3",
                "sha256:68a1a76fa0d638149dd873920a1747f30fb2eedc90676505b6d2bd9f0a1324c7",
                "sha256:6a78ae17a10d8e3d140be0baa4ee4f0c1bc32bd452637ccebcf44837b1093643",
                "sha256:6c1b22f42540acc5ccbd166bef7132a08e539b68c81a50663db62e833545f13a",
                "sha256:6de940c43a74613542df47ab0aa38bbcb694e32a838ade2900a6436040f692a1",
                "sha256:6e3399d46cda079501792159a0698f3adc489633d187a0b831edf58833063df0",
                "sha256:72a3d013cdaa938bfa53c33b6f29b6a1dcb23729e44b598e2473f51e9e447445",
                "sha256:76b41f63f6112fb779b30e1712e3103a62280622bf3540edb1b108ee617bfc20",
                "sha256:7a835427e83ee1af7005c046d993c07deb29f4ff58ae721fe5238016032ec835",
                "sha256:7f62d6d4462973ae9ec4f7b7bba77fca420534bec21429f2b1f84b9b5121b586",
                "sha256:8022460ca4eed52af844c287fd47a19a474fee0cc7df92406e61db4eb7e6724f",
                "sha256:81686220f82b9fe164afcbca684958d12cf7c6d4a7b9e795c74069d62a2e3c61",
                "sha256:84855323a748109300596a2aa97c023d7b0a32186451b6865288d108dc55d883",
                "sha256:84c755f9fb5fe0e1fd38f9720f19c085d957f82e51c1f629b4e2b9f8b3ff7299",
                "sha256:8e9f6504f71f1db0a29597a1e22f36270d40b7b7bc3398cf89c5412487fe92b3",
                "sha256:92d1854bdb11bd739fa1a4a379d6e737c004cdfd5d1a27fa76c6d8e399a4010e",
                "sha256:970e841d9a79a6828504bea0d322825ffd3641af9a80a988dc186a15668c5530",
                "sha256:97e8cc8a0887589ac3aa23ef71070552854887d4797411e52f84ff76304f0124",
                "sha256:9a811dc0bc737a99823ad3c993e2c01628323096b2db98d4d88f2da4e6d97fae",
                "sha256:9b3b4a138b92845a8d75d46917e6643870da72adbe35f6f8aa0200601325af12",
                "sha256:9c836caca292d8653c2bb71eaefcda5aa5c87de0e2a748111e6861d4f79011f1",
                "sha256:b187450218a46d2a462e079abec734fff81d125ff0716e9bac3566a165264128",
                "sha256:b36f0f6e052ac5de880db659ce325a6dfe92ad51492f0e38e3799d9ffa3c6225",
                "sha256:b4eb4ad8c31a46434c319d2e6d6528c459415bea46a1d7640f76544225023508",
                "sha256:b9f0eb8ae99b7c309c2da9ff426c70162f1fdd44b6502c6410ab9a926da055d2",
                "sha256:c08357efea70028495048adf6852c859e7d97a3fb223a1a70579a56d4f8bfdd0",
                "sha256:c112d368ebf614e319b36cf0c398b4e4d9e6fb585a44d1cb15ec4e7e6e02587d",
                "sha256:c9d41add9883b132992e257dc36714d835218ccd476e806914a5f32b09dce9dd",
                "sha256:cc891fed1d6b6fa7d6c97277d6b2463dfa108f61fdc8ad9e6159b7c840f5d592",
                "sha256:cd292671fb87d8e0720876bbaa5e752870d46daaab3ffca8d954f7ba68e0e763",
                "sha256:d35e13f16026bca6e1fba578932266f0db95e7852ec4d550ecc072e21797cd9f",
                "sha256:d84d760db5f0ca8ca7f1325317d6377112ee6bc759f3fa8eaa9e89552cfb2ebc",
                "sha256:d8df1500f88d901f04ec173e64a4fb56234333b7536c952d88364262894e6a97",
                "sha256:db839dc7af2dee800f409145d4280e2eac0c50cc361a0e3fc738f5ac51d18490",
                "sha256:dc632c13fa405cbe68dc7bd4f0b85ce168c9ebe75cffdf2a8b62e66be63c77ae",
                "sha256:e8f3e667bbe1d9d41bc0f442f6f769eef81bdfdc37ad919d99ac322512a68cb5",
                "sha256:ea6a7296ae40cf818d5f876180dc82baf4e947a7d68f62752cf8834bea655cda",
                "sha256:ebd8beff80347222c174d2e08e36c595d269c61c1e618a4918bfeb74e0169576",
                "sha256:ec248525b377c02f03590efc9ad07b18a567bfcb8629c5136c172d8a4b9d3782",
                "sha256:ec625b6ae0cce4d8ce6979f77e54df4e775315d5441072827f8a9efe95053930",
                "sha256:f26c9af1959cdc8ffb75f2146f3605accd4c0dcd295f73dd2bae26053841ec7c",
                "sha256:f43136348157ab35514c7f1be2e8381f98e3ad39542fd946b445aa70b32ffeed",
                "sha256:fa5f0e5f33bd35b5fc1ef70237d72fce388128a78be9728f687508589d414d05",
                "sha256:ff467c245831a570092505c9e20a0332c1638b25f135a500c51bfeb871b36c30"
            ],
            "index": "pypi",
            "version": "==1.5.2.5"
        }
    },
    "develop": {}
}
